
Microsoft Visual Studio Solution File, Format Version 12.00
# Visual Studio Version 17
VisualStudioVersion = 17.8.34330.188
MinimumVisualStudioVersion = 10.0.40219.1
Project("{8BC9CEB8-8B4A-11D0-8D11-00A0C91BC942}") = "Hook窗口", "Hook窗口\Hook窗口.vcxproj", "{339BD270-2335-4905-89FC-1C91B8550709}"
EndProject
Global
	GlobalSection(SolutionConfigurationPlatforms) = preSolution
		Debug|x64 = Debug|x64
		Debug|x86 = Debug|x86
		Release|x64 = Release|x64
		Release|x86 = Release|x86
	EndGlobalSection
	GlobalSection(ProjectConfigurationPlatforms) = postSolution
		{339BD270-2335-4905-89FC-1C91B8550709}.Debug|x64.ActiveCfg = Debug|x64
		{339BD270-2335-4905-89FC-1C91B8550709}.Debug|x64.Build.0 = Debug|x64
		{339BD270-2335-4905-89FC-1C91B8550709}.Debug|x86.ActiveCfg = Debug|Win32
		{339BD270-2335-4905-89FC-1C91B8550709}.Debug|x86.Build.0 = Debug|Win32
		{339BD270-2335-4905-89FC-1C91B8550709}.Release|x64.ActiveCfg = Release|x64
		{339BD270-2335-4905-89FC-1C91B8550709}.Release|x64.Build.0 = Release|x64
		{339BD270-2335-4905-89FC-1C91B8550709}.Release|x86.ActiveCfg = Release|Win32
		{339BD270-2335-4905-89FC-1C91B8550709}.Release|x86.Build.0 = Release|Win32
	EndGlobalSection
	GlobalSection(SolutionProperties) = preSolution
		HideSolutionNode = FALSE
	EndGlobalSection
	GlobalSection(ExtensibilityGlobals) = postSolution
		SolutionGuid = {CED4D885-E376-4D7A-89B2-95AC8FB677F1}
	EndGlobalSection
EndGlobal
